
Microsoft Visual Studio Solution File, Format Version 12.00
# Visual Studio 14
VisualStudioVersion = 14.0.24720.0
MinimumVisualStudioVersion = 10.0.40219.1
Project("{FAE04EC0-301F-11D3-BF4B-00C04F79EFBC}") = "OrderedReader", "OrderedReader\OrderedReader.csproj", "{A6261245-E5D1-46D5-8A8E-1EE340BC2EA9}"
EndProject
Project("{FAE04EC0-301F-11D3-BF4B-00C04F79EFBC}") = "OrderedReaderTests", "OrderedReaderTests\OrderedReaderTests.csproj", "{F1C8365E-9EE9-4A93-8E3C-92F3B3334A89}"
EndProject
Global
	GlobalSection(SolutionConfigurationPlatforms) = preSolution
		Debug|Any CPU = Debug|Any CPU
		Release|Any CPU = Release|Any CPU
	EndGlobalSection
	GlobalSection(ProjectConfigurationPlatforms) = postSolution
		{A6261245-E5D1-46D5-8A8E-1EE340BC2EA9}.Debug|Any CPU.ActiveCfg = Debug|Any CPU
		{A6261245-E5D1-46D5-8A8E-1EE340BC2EA9}.Debug|Any CPU.Build.0 = Debug|Any CPU
		{A6261245-E5D1-46D5-8A8E-1EE340BC2EA9}.Release|Any CPU.ActiveCfg = Release|Any CPU
		{A6261245-E5D1-46D5-8A8E-1EE340BC2EA9}.Release|Any CPU.Build.0 = Release|Any CPU
		{F1C8365E-9EE9-4A93-8E3C-92F3B3334A89}.Debug|Any CPU.ActiveCfg = Debug|Any CPU
		{F1C8365E-9EE9-4A93-8E3C-92F3B3334A89}.Debug|Any CPU.Build.0 = Debug|Any CPU
		{F1C8365E-9EE9-4A93-8E3C-92F3B3334A89}.Release|Any CPU.ActiveCfg = Release|Any CPU
		{F1C8365E-9EE9-4A93-8E3C-92F3B3334A89}.Release|Any CPU.Build.0 = Release|Any CPU
	EndGlobalSection
	GlobalSection(SolutionProperties) = preSolution
		HideSolutionNode = FALSE
	EndGlobalSection
EndGlobal
